PODS:
  - Alamofire (4.9.0)
  - MJRefresh (3.2.0)
  - SnapKit (4.2.0)

DEPENDENCIES:
  - Alamofire
  - MJRefresh
  - SnapKit

SPEC REPOS:
  https://github.com/cocoapods/specs.git:
    - Alamofire
    - MJRefresh
    - SnapKit

SPEC CHECKSUMS:
  Alamofire: afc3e7c6db61476cb45cdd23fed06bad03bbc321
  MJRefresh: ed450d6eb9d3346a2cb033ab7eb6de090aeef437
  SnapKit: fe8a619752f3f27075cc9a90244d75c6c3f27e2a

PODFILE CHECKSUM: 7d59666468e5141269433de7028eb58b86278c85

COCOAPODS: 1.6.1
